
Microsoft Visual Studio Solution File, Format Version 12.00
# Visual Studio Version 16
VisualStudioVersion = 16.0.30804.86
MinimumVisualStudioVersion = 10.0.40219.1
Project("{9A19103F-16F7-4668-BE54-9A1E7A4F7556}") = "ExtensionMethods", "ExtensionMethods\ExtensionMethods.csproj", "{DCED495C-FF97-4229-A27C-1C6DB49DDC85}"
EndProject
Global
	GlobalSection(SolutionConfigurationPlatforms) = preSolution
		Debug|Any CPU = Debug|Any CPU
		Release|Any CPU = Release|Any CPU
	EndGlobalSection
	GlobalSection(ProjectConfigurationPlatforms) = postSolution
		{DCED495C-FF97-4229-A27C-1C6DB49DDC85}.Debug|Any CPU.ActiveCfg = Debug|Any CPU
		{DCED495C-FF97-4229-A27C-1C6DB49DDC85}.Debug|Any CPU.Build.0 = Debug|Any CPU
		{DCED495C-FF97-4229-A27C-1C6DB49DDC85}.Release|Any CPU.ActiveCfg = Release|Any CPU
		{DCED495C-FF97-4229-A27C-1C6DB49DDC85}.Release|Any CPU.Build.0 = Release|Any CPU
	EndGlobalSection
	GlobalSection(SolutionProperties) = preSolution
		HideSolutionNode = FALSE
	EndGlobalSection
	GlobalSection(ExtensibilityGlobals) = postSolution
		SolutionGuid = {7CA007C4-0C25-4B31-8B67-915EC9898150}
	EndGlobalSection
EndGlobal
